
Microsoft Visual Studio Solution File, Format Version 12.00
Project("{2150E333-8FDC-42A3-9474-1A3956D46DE8}") = "src", "src", "{C345921F-2588-4040-A5AF-D10A792032B6}"
	ProjectSection(SolutionItems) = preProject
		src\.gitignore = src\.gitignore
	EndProjectSection
EndProject
Project("{FAE04EC0-301F-11D3-BF4B-00C04F79EFBC}") = "API", "src\API\API.csproj", "{0D716537-CC78-4505-9236-743F84142716}"
EndProject
Project("{FAE04EC0-301F-11D3-BF4B-00C04F79EFBC}") = "Application", "src\Application\Application.csproj", "{1531EFAB-4BBF-4DC8-8950-7A9DEABDD772}"
EndProject
Project("{FAE04EC0-301F-11D3-BF4B-00C04F79EFBC}") = "Common", "src\Common\Common.csproj", "{6BCCFD18-D259-46CF-A6E4-8635C5A48EED}"
EndProject
Project("{FAE04EC0-301F-11D3-BF4B-00C04F79EFBC}") = "DataAccess", "src\DataAccess\DataAccess.csproj", "{23A3FAFF-402B-4C14-BF82-8B7EA38AB2AB}"
EndProject
Project("{FAE04EC0-301F-11D3-BF4B-00C04F79EFBC}") = "Transaction-Service", "src\Transaction-Service\Transaction-Service.csproj", "{83DAB77F-CCC7-4356-978A-313D5B610AF1}"
EndProject
Project("{FAE04EC0-301F-11D3-BF4B-00C04F79EFBC}") = "Infrastructure", "src\Infrastructure\Infrastructure.csproj", "{AB1F09C1-3722-4EBD-BC15-0062533352C5}"
EndProject
Project("{2150E333-8FDC-42A3-9474-1A3956D46DE8}") = "test", "test", "{43C822BD-A7EE-432A-B8D2-FA5CA71CA28A}"
EndProject
Project("{FAE04EC0-301F-11D3-BF4B-00C04F79EFBC}") = "Application.Tests", "Application.Tests\Application.Tests.csproj", "{C8CD2545-09FC-4D5C-9AA0-79EF113F8B95}"
EndProject
Global
	GlobalSection(SolutionConfigurationPlatforms) = preSolution
		Debug|Any CPU = Debug|Any CPU
		Release|Any CPU = Release|Any CPU
	EndGlobalSection
	GlobalSection(ProjectConfigurationPlatforms) = postSolution
		{0D716537-CC78-4505-9236-743F84142716}.Debug|Any CPU.ActiveCfg = Debug|Any CPU
		{0D716537-CC78-4505-9236-743F84142716}.Debug|Any CPU.Build.0 = Debug|Any CPU
		{0D716537-CC78-4505-9236-743F84142716}.Release|Any CPU.ActiveCfg = Release|Any CPU
		{0D716537-CC78-4505-9236-743F84142716}.Release|Any CPU.Build.0 = Release|Any CPU
		{1531EFAB-4BBF-4DC8-8950-7A9DEABDD772}.Debug|Any CPU.ActiveCfg = Debug|Any CPU
		{1531EFAB-4BBF-4DC8-8950-7A9DEABDD772}.Debug|Any CPU.Build.0 = Debug|Any CPU
		{1531EFAB-4BBF-4DC8-8950-7A9DEABDD772}.Release|Any CPU.ActiveCfg = Release|Any CPU
		{1531EFAB-4BBF-4DC8-8950-7A9DEABDD772}.Release|Any CPU.Build.0 = Release|Any CPU
		{6BCCFD18-D259-46CF-A6E4-8635C5A48EED}.Debug|Any CPU.ActiveCfg = Debug|Any CPU
		{6BCCFD18-D259-46CF-A6E4-8635C5A48EED}.Debug|Any CPU.Build.0 = Debug|Any CPU
		{6BCCFD18-D259-46CF-A6E4-8635C5A48EED}.Release|Any CPU.ActiveCfg = Release|Any CPU
		{6BCCFD18-D259-46CF-A6E4-8635C5A48EED}.Release|Any CPU.Build.0 = Release|Any CPU
		{23A3FAFF-402B-4C14-BF82-8B7EA38AB2AB}.Debug|Any CPU.ActiveCfg = Debug|Any CPU
		{23A3FAFF-402B-4C14-BF82-8B7EA38AB2AB}.Debug|Any CPU.Build.0 = Debug|Any CPU
		{23A3FAFF-402B-4C14-BF82-8B7EA38AB2AB}.Release|Any CPU.ActiveCfg = Release|Any CPU
		{23A3FAFF-402B-4C14-BF82-8B7EA38AB2AB}.Release|Any CPU.Build.0 = Release|Any CPU
		{83DAB77F-CCC7-4356-978A-313D5B610AF1}.Debug|Any CPU.ActiveCfg = Debug|Any CPU
		{83DAB77F-CCC7-4356-978A-313D5B610AF1}.Debug|Any CPU.Build.0 = Debug|Any CPU
		{83DAB77F-CCC7-4356-978A-313D5B610AF1}.Release|Any CPU.ActiveCfg = Release|Any CPU
		{83DAB77F-CCC7-4356-978A-313D5B610AF1}.Release|Any CPU.Build.0 = Release|Any CPU
		{AB1F09C1-3722-4EBD-BC15-0062533352C5}.Debug|Any CPU.ActiveCfg = Debug|Any CPU
		{AB1F09C1-3722-4EBD-BC15-0062533352C5}.Debug|Any CPU.Build.0 = Debug|Any CPU
		{AB1F09C1-3722-4EBD-BC15-0062533352C5}.Release|Any CPU.ActiveCfg = Release|Any CPU
		{AB1F09C1-3722-4EBD-BC15-0062533352C5}.Release|Any CPU.Build.0 = Release|Any CPU
		{C8CD2545-09FC-4D5C-9AA0-79EF113F8B95}.Debug|Any CPU.ActiveCfg = Debug|Any CPU
		{C8CD2545-09FC-4D5C-9AA0-79EF113F8B95}.Debug|Any CPU.Build.0 = Debug|Any CPU
		{C8CD2545-09FC-4D5C-9AA0-79EF113F8B95}.Release|Any CPU.ActiveCfg = Release|Any CPU
		{C8CD2545-09FC-4D5C-9AA0-79EF113F8B95}.Release|Any CPU.Build.0 = Release|Any CPU
	EndGlobalSection
	GlobalSection(NestedProjects) = preSolution
		{0D716537-CC78-4505-9236-743F84142716} = {C345921F-2588-4040-A5AF-D10A792032B6}
		{1531EFAB-4BBF-4DC8-8950-7A9DEABDD772} = {C345921F-2588-4040-A5AF-D10A792032B6}
		{6BCCFD18-D259-46CF-A6E4-8635C5A48EED} = {C345921F-2588-4040-A5AF-D10A792032B6}
		{23A3FAFF-402B-4C14-BF82-8B7EA38AB2AB} = {C345921F-2588-4040-A5AF-D10A792032B6}
		{83DAB77F-CCC7-4356-978A-313D5B610AF1} = {C345921F-2588-4040-A5AF-D10A792032B6}
		{AB1F09C1-3722-4EBD-BC15-0062533352C5} = {C345921F-2588-4040-A5AF-D10A792032B6}
		{C8CD2545-09FC-4D5C-9AA0-79EF113F8B95} = {43C822BD-A7EE-432A-B8D2-FA5CA71CA28A}
	EndGlobalSection
EndGlobal
